
Microsoft Visual Studio Solution File, Format Version 12.00
# Visual Studio Version 17
VisualStudioVersion = 17.7.34024.191
MinimumVisualStudioVersion = 10.0.40219.1
Project("{9A19103F-16F7-4668-BE54-9A1E7A4F7556}") = "CustomCalendar", "CustomCalendar\CustomCalendar.csproj", "{303B7669-1742-4AD5-9014-033155560985}"
EndProject
Project("{FAE04EC0-301F-11D3-BF4B-00C04F79EFBC}") = "CustomCalendar.BusinessEntity", "CustomCalendar.BusinessEntity\CustomCalendar.BusinessEntity.csproj", "{BC14C2E8-BB36-484D-955C-FC89C573D4DF}"
EndProject
Global
	GlobalSection(SolutionConfigurationPlatforms) = preSolution
		Debug|Any CPU = Debug|Any CPU
		Release|Any CPU = Release|Any CPU
	EndGlobalSection
	GlobalSection(ProjectConfigurationPlatforms) = postSolution
		{303B7669-1742-4AD5-9014-033155560985}.Debug|Any CPU.ActiveCfg = Debug|Any CPU
		{303B7669-1742-4AD5-9014-033155560985}.Debug|Any CPU.Build.0 = Debug|Any CPU
		{303B7669-1742-4AD5-9014-033155560985}.Debug|Any CPU.Deploy.0 = Debug|Any CPU
		{303B7669-1742-4AD5-9014-033155560985}.Release|Any CPU.ActiveCfg = Release|Any CPU
		{303B7669-1742-4AD5-9014-033155560985}.Release|Any CPU.Build.0 = Release|Any CPU
		{303B7669-1742-4AD5-9014-033155560985}.Release|Any CPU.Deploy.0 = Release|Any CPU
		{BC14C2E8-BB36-484D-955C-FC89C573D4DF}.Debug|Any CPU.ActiveCfg = Debug|Any CPU
		{BC14C2E8-BB36-484D-955C-FC89C573D4DF}.Debug|Any CPU.Build.0 = Debug|Any CPU
		{BC14C2E8-BB36-484D-955C-FC89C573D4DF}.Release|Any CPU.ActiveCfg = Release|Any CPU
		{BC14C2E8-BB36-484D-955C-FC89C573D4DF}.Release|Any CPU.Build.0 = Release|Any CPU
	EndGlobalSection
	GlobalSection(SolutionProperties) = preSolution
		HideSolutionNode = FALSE
	EndGlobalSection
	GlobalSection(ExtensibilityGlobals) = postSolution
		SolutionGuid = {84362633-6FBC-4BA3-A439-FE60E9F6EAF7}
	EndGlobalSection
EndGlobal
